<?xml version="1.0" encoding="utf-8"?>
<Project ToolsVersion="4.0" xmlns="http://schemas.microsoft.com/developer/msbuild/2003">
  <ItemGroup>
    <Filter Include="inc">
      <UniqueIdentifier>{93995380-89BD-4b04-88EB-625FBE52EBFB}</UniqueIdentifier>
      <Extensions>h;hh;hpp;hxx;hm;inl;inc;xsd</Extensions>
    </Filter>
    <Filter Include="src">
      <UniqueIdentifier>{4FC737F1-C7A5-4376-A066-2A32D752A2FF}</UniqueIdentifier>
      <Extensions>cpp;c;cc;cxx;def;odl;idl;hpj;bat;asm;asmx</Extensions>
    </Filter>
    <Filter Include="res">
      <UniqueIdentifier>{9c495c42-7184-46bd-b4eb-6a025f11aea2}</UniqueIdentifier>
    </Filter>
    <Filter Include="inc\cluster">
      <UniqueIdentifier>{ef0e6e48-88f2-45c1-b1d2-146bae8a8597}</UniqueIdentifier>
    </Filter>
    <Filter Include="src\cluster">
      <UniqueIdentifier>{15168304-6849-45c7-992b-15e80116ac86}</UniqueIdentifier>
    </Filter>
  </ItemGroup>
  <ItemGroup>
    <None Include="libredis.def">
      <Filter>res</Filter>
    </None>
  </ItemGroup>
  <ItemGroup>
    <ClInclude Include="..\inc\libredis.h">
      <Filter>inc</Filter>
    </ClInclude>
    <ClInclude Include="..\inc\cluster\adlist.h">
      <Filter>inc\cluster</Filter>
    </ClInclude>
    <ClInclude Include="..\inc\cluster\cmddef.h">
      <Filter>inc\cluster</Filter>
    </ClInclude>
    <ClInclude Include="..\inc\cluster\command.h">
      <Filter>inc\cluster</Filter>
    </ClInclude>
    <ClInclude Include="..\inc\cluster\dict.h">
      <Filter>inc\cluster</Filter>
    </ClInclude>
    <ClInclude Include="..\inc\cluster\hiarray.h">
      <Filter>inc\cluster</Filter>
    </ClInclude>
    <ClInclude Include="..\inc\cluster\hircluster.h">
      <Filter>inc\cluster</Filter>
    </ClInclude>
    <ClInclude Include="..\inc\cluster\hiutil.h">
      <Filter>inc\cluster</Filter>
    </ClInclude>
    <ClInclude Include="..\inc\cluster\win32.h">
      <Filter>inc\cluster</Filter>
    </ClInclude>
  </ItemGroup>
  <ItemGroup>
    <ClCompile Include="..\src\libredis.cpp">
      <Filter>src</Filter>
    </ClCompile>
    <ClCompile Include="..\src\cluster\adlist.c">
      <Filter>src\cluster</Filter>
    </ClCompile>
    <ClCompile Include="..\src\cluster\command.c">
      <Filter>src\cluster</Filter>
    </ClCompile>
    <ClCompile Include="..\src\cluster\crc16.c">
      <Filter>src\cluster</Filter>
    </ClCompile>
    <ClCompile Include="..\src\cluster\dict.c">
      <Filter>src\cluster</Filter>
    </ClCompile>
    <ClCompile Include="..\src\cluster\hiarray.c">
      <Filter>src\cluster</Filter>
    </ClCompile>
    <ClCompile Include="..\src\cluster\hircluster.c">
      <Filter>src\cluster</Filter>
    </ClCompile>
    <ClCompile Include="..\src\cluster\hiutil.c">
      <Filter>src\cluster</Filter>
    </ClCompile>
  </ItemGroup>
</Project>